
Microsoft Visual Studio Solution File, Format Version 12.00
# Visual Studio Version 17
VisualStudioVersion = 17.4.33213.308
MinimumVisualStudioVersion = 10.0.40219.1
Project("{FAE04EC0-301F-11D3-BF4B-00C04F79EFBC}") = "EditorTextoAndPaint", "EditorTextoAndPaint\EditorTextoAndPaint.csproj", "{D6A48946-803D-405C-B017-E4F43A4F735D}"
EndProject
Global
	GlobalSection(SolutionConfigurationPlatforms) = preSolution
		Debug|Any CPU = Debug|Any CPU
		Release|Any CPU = Release|Any CPU
	EndGlobalSection
	GlobalSection(ProjectConfigurationPlatforms) = postSolution
		{D6A48946-803D-405C-B017-E4F43A4F735D}.Debug|Any CPU.ActiveCfg = Debug|Any CPU
		{D6A48946-803D-405C-B017-E4F43A4F735D}.Debug|Any CPU.Build.0 = Debug|Any CPU
		{D6A48946-803D-405C-B017-E4F43A4F735D}.Release|Any CPU.ActiveCfg = Release|Any CPU
		{D6A48946-803D-405C-B017-E4F43A4F735D}.Release|Any CPU.Build.0 = Release|Any CPU
	EndGlobalSection
	GlobalSection(SolutionProperties) = preSolution
		HideSolutionNode = FALSE
	EndGlobalSection
	GlobalSection(ExtensibilityGlobals) = postSolution
		SolutionGuid = {0BBC196A-14D8-4DA0-914A-B28F9DB6B0DF}
	EndGlobalSection
EndGlobal
